
Microsoft Visual Studio Solution File, Format Version 12.00
# Visual Studio Version 17
VisualStudioVersion = 17.10.35122.118
MinimumVisualStudioVersion = 10.0.40219.1
Project("{FAE04EC0-301F-11D3-BF4B-00C04F79EFBC}") = "SiemensRefactoringAndCleanCoding", "SiemensRefactoringAndCleanCoding\SiemensRefactoringAndCleanCoding.csproj", "{6E059E31-5F00-4D46-93F1-C73EE0C8BC53}"
EndProject
Project("{FAE04EC0-301F-11D3-BF4B-00C04F79EFBC}") = "RefactoringOrCleanCoding.API", "RefactoringOrCleanCoding.API\RefactoringOrCleanCoding.API.csproj", "{145BE84C-DB5C-4B0C-8B8D-741831AD9654}"
EndProject
Project("{2150E333-8FDC-42A3-9474-1A3956D46DE8}") = "CleanArchitecture", "CleanArchitecture", "{F0AF18FB-35F2-425D-A285-CEA1B52DD027}"
EndProject
Project("{FAE04EC0-301F-11D3-BF4B-00C04F79EFBC}") = "Domain", "Domain\Domain.csproj", "{BAC5BD77-B359-4176-81D9-8CE48092DE5B}"
EndProject
Project("{FAE04EC0-301F-11D3-BF4B-00C04F79EFBC}") = "Application", "Application\Application.csproj", "{F2C62828-D932-4FAC-8ADE-46D363215834}"
EndProject
Project("{FAE04EC0-301F-11D3-BF4B-00C04F79EFBC}") = "App.API", "App.API\App.API.csproj", "{98BDB996-A6F5-4594-89A1-5FDBB33623A5}"
EndProject
Project("{2150E333-8FDC-42A3-9474-1A3956D46DE8}") = "Instrastructure", "Instrastructure", "{5FAAD5B4-37A5-4604-93E4-C6574F8617AB}"
EndProject
Project("{FAE04EC0-301F-11D3-BF4B-00C04F79EFBC}") = "Data", "Data\Data.csproj", "{E4FBEF4C-AC9C-445B-9CD7-34F01185A80F}"
EndProject
Global
	GlobalSection(SolutionConfigurationPlatforms) = preSolution
		Debug|Any CPU = Debug|Any CPU
		Release|Any CPU = Release|Any CPU
	EndGlobalSection
	GlobalSection(ProjectConfigurationPlatforms) = postSolution
		{6E059E31-5F00-4D46-93F1-C73EE0C8BC53}.Debug|Any CPU.ActiveCfg = Debug|Any CPU
		{6E059E31-5F00-4D46-93F1-C73EE0C8BC53}.Debug|Any CPU.Build.0 = Debug|Any CPU
		{6E059E31-5F00-4D46-93F1-C73EE0C8BC53}.Release|Any CPU.ActiveCfg = Release|Any CPU
		{6E059E31-5F00-4D46-93F1-C73EE0C8BC53}.Release|Any CPU.Build.0 = Release|Any CPU
		{145BE84C-DB5C-4B0C-8B8D-741831AD9654}.Debug|Any CPU.ActiveCfg = Debug|Any CPU
		{145BE84C-DB5C-4B0C-8B8D-741831AD9654}.Debug|Any CPU.Build.0 = Debug|Any CPU
		{145BE84C-DB5C-4B0C-8B8D-741831AD9654}.Release|Any CPU.ActiveCfg = Release|Any CPU
		{145BE84C-DB5C-4B0C-8B8D-741831AD9654}.Release|Any CPU.Build.0 = Release|Any CPU
		{BAC5BD77-B359-4176-81D9-8CE48092DE5B}.Debug|Any CPU.ActiveCfg = Debug|Any CPU
		{BAC5BD77-B359-4176-81D9-8CE48092DE5B}.Debug|Any CPU.Build.0 = Debug|Any CPU
		{BAC5BD77-B359-4176-81D9-8CE48092DE5B}.Release|Any CPU.ActiveCfg = Release|Any CPU
		{BAC5BD77-B359-4176-81D9-8CE48092DE5B}.Release|Any CPU.Build.0 = Release|Any CPU
		{F2C62828-D932-4FAC-8ADE-46D363215834}.Debug|Any CPU.ActiveCfg = Debug|Any CPU
		{F2C62828-D932-4FAC-8ADE-46D363215834}.Debug|Any CPU.Build.0 = Debug|Any CPU
		{F2C62828-D932-4FAC-8ADE-46D363215834}.Release|Any CPU.ActiveCfg = Release|Any CPU
		{F2C62828-D932-4FAC-8ADE-46D363215834}.Release|Any CPU.Build.0 = Release|Any CPU
		{98BDB996-A6F5-4594-89A1-5FDBB33623A5}.Debug|Any CPU.ActiveCfg = Debug|Any CPU
		{98BDB996-A6F5-4594-89A1-5FDBB33623A5}.Debug|Any CPU.Build.0 = Debug|Any CPU
		{98BDB996-A6F5-4594-89A1-5FDBB33623A5}.Release|Any CPU.ActiveCfg = Release|Any CPU
		{98BDB996-A6F5-4594-89A1-5FDBB33623A5}.Release|Any CPU.Build.0 = Release|Any CPU
		{E4FBEF4C-AC9C-445B-9CD7-34F01185A80F}.Debug|Any CPU.ActiveCfg = Debug|Any CPU
		{E4FBEF4C-AC9C-445B-9CD7-34F01185A80F}.Debug|Any CPU.Build.0 = Debug|Any CPU
		{E4FBEF4C-AC9C-445B-9CD7-34F01185A80F}.Release|Any CPU.ActiveCfg = Release|Any CPU
		{E4FBEF4C-AC9C-445B-9CD7-34F01185A80F}.Release|Any CPU.Build.0 = Release|Any CPU
	EndGlobalSection
	GlobalSection(SolutionProperties) = preSolution
		HideSolutionNode = FALSE
	EndGlobalSection
	GlobalSection(NestedProjects) = preSolution
		{BAC5BD77-B359-4176-81D9-8CE48092DE5B} = {F0AF18FB-35F2-425D-A285-CEA1B52DD027}
		{F2C62828-D932-4FAC-8ADE-46D363215834} = {F0AF18FB-35F2-425D-A285-CEA1B52DD027}
		{98BDB996-A6F5-4594-89A1-5FDBB33623A5} = {F0AF18FB-35F2-425D-A285-CEA1B52DD027}
		{5FAAD5B4-37A5-4604-93E4-C6574F8617AB} = {F0AF18FB-35F2-425D-A285-CEA1B52DD027}
		{E4FBEF4C-AC9C-445B-9CD7-34F01185A80F} = {5FAAD5B4-37A5-4604-93E4-C6574F8617AB}
	EndGlobalSection
	GlobalSection(ExtensibilityGlobals) = postSolution
		SolutionGuid = {7CD9AEE7-F3AE-4A68-A36D-DB9F25F713CA}
	EndGlobalSection
EndGlobal
